// !$*UTF8*$!
{
	archiveVersion = 1;
	classes = {
	};
	objectVersion = 48;
	objects = {

/* Begin PBXBuildFile section */
		1B304CCE2061C2F400D8DD4B /* tailtoddle_lo4.mp3 in Resources */ = {isa = PBXBuildFile; fileRef = 1B304CCD2061C2F400D8DD4B /* tailtoddle_lo4.mp3 */; };
		1B304CD0206296B600D8DD4B /* PurpleRain.m4a in Resources */ = {isa = PBXBuildFile; fileRef = 1B304CCF2062966000D8DD4B /* PurpleRain.m4a */; };
		1B304CD22063240200D8DD4B /* WebLoadViewController.swift in Sources */ = {isa = PBXBuildFile; fileRef = 1B304CD12063240200D8DD4B /* WebLoadViewController.swift */; };
		1B9FD6D0205DB9CC00BD0923 /* JsonModel.swift in Sources */ = {isa = PBXBuildFile; fileRef = 1B9FD6CF205DB9CC00BD0923 /* JsonModel.swift */; };
		1B9FD6D2205DB9EC00BD0923 /* JsonTestViewController.swift in Sources */ = {isa = PBXBuildFile; fileRef = 1B9FD6D1205DB9EC00BD0923 /* JsonTestViewController.swift */; };
		1B9FD6D4205DBA1A00BD0923 /* Storyboard_json.storyboard in Resources */ = {isa = PBXBuildFile; fileRef = 1B9FD6D3205DBA1A00BD0923 /* Storyboard_json.storyboard */; };
		400B84AB2056A2F900F56829 /* AppDelegate.swift in Sources */ = {isa = PBXBuildFile; fileRef = 400B84AA2056A2F900F56829 /* AppDelegate.swift */; };
		400B84AD2056A2F900F56829 /* ViewController.swift in Sources */ = {isa = PBXBuildFile; fileRef = 400B84AC2056A2F900F56829 /* ViewController.swift */; };
		400B84B02056A2F900F56829 /* Main.storyboard in Resources */ = {isa = PBXBuildFile; fileRef = 400B84AE2056A2F900F56829 /* Main.storyboard */; };
		400B84B32056A2F900F56829 /* CoreFeature.xcdatamodeld in Sources */ = {isa = PBXBuildFile; fileRef = 400B84B12056A2F900F56829 /* CoreFeature.xcdatamodeld */; };
		400B84B52056A2F900F56829 /* Assets.xcassets in Resources */ = {isa = PBXBuildFile; fileRef = 400B84B42056A2F900F56829 /* Assets.xcassets */; };
		400B84B82056A2F900F56829 /* LaunchScreen.storyboard in Resources */ = {isa = PBXBuildFile; fileRef = 400B84B62056A2F900F56829 /* LaunchScreen.storyboard */; };
		400B84C32056A2F900F56829 /* CoreFeatureTests.swift in Sources */ = {isa = PBXBuildFile; fileRef = 400B84C22056A2F900F56829 /* CoreFeatureTests.swift */; };
		400B84CE2056A2F900F56829 /* CoreFeatureUITests.swift in Sources */ = {isa = PBXBuildFile; fileRef = 400B84CD2056A2F900F56829 /* CoreFeatureUITests.swift */; };
		400B84DC2056A68900F56829 /* Feature.swift in Sources */ = {isa = PBXBuildFile; fileRef = 400B84DB2056A68900F56829 /* Feature.swift */; };
		400B84DF2058065300F56829 /* StoryboardMap.storyboard in Resources */ = {isa = PBXBuildFile; fileRef = 400B84DE2058065300F56829 /* StoryboardMap.storyboard */; };
		400B84E12058067B00F56829 /* MapViewController.swift in Sources */ = {isa = PBXBuildFile; fileRef = 400B84E02058067B00F56829 /* MapViewController.swift */; };
		400B84E320584E3E00F56829 /* PlaceMarkerModel.swift in Sources */ = {isa = PBXBuildFile; fileRef = 400B84E220584E3E00F56829 /* PlaceMarkerModel.swift */; };
		400B84E6205AC7F800F56829 /* ProgressView.swift in Sources */ = {isa = PBXBuildFile; fileRef = 400B84E5205AC7F800F56829 /* ProgressView.swift */; };
		4017952B206C1E6600F43A99 /* AudioViewController.swift in Sources */ = {isa = PBXBuildFile; fileRef = 4017952A206C1E6600F43A99 /* AudioViewController.swift */; };
		4017952D206C226900F43A99 /* audio.storyboard in Resources */ = {isa = PBXBuildFile; fileRef = 4017952C206C226900F43A99 /* audio.storyboard */; };
		405937A52060375500221ED9 /* Storyboard_PH.storyboard in Resources */ = {isa = PBXBuildFile; fileRef = 405937A42060375500221ED9 /* Storyboard_PH.storyboard */; };
		405937A72060384400221ED9 /* AlbumsViewController.swift in Sources */ = {isa = PBXBuildFile; fileRef = 405937A62060384400221ED9 /* AlbumsViewController.swift */; };
		40A892372072BA39002F30BE /* Menu.swift in Sources */ = {isa = PBXBuildFile; fileRef = 40A892362072BA39002F30BE /* Menu.swift */; };
		40A892392073B6B4002F30BE /* sample.csv in Resources */ = {isa = PBXBuildFile; fileRef = 40A892382073B6B4002F30BE /* sample.csv */; };
		40A8923E2074F584002F30BE /* table.storyboard in Resources */ = {isa = PBXBuildFile; fileRef = 40A8923D2074F584002F30BE /* table.storyboard */; };
		40A892402074F5E7002F30BE /* TableViewController.swift in Sources */ = {isa = PBXBuildFile; fileRef = 40A8923F2074F5E7002F30BE /* TableViewController.swift */; };
		40A8924220754EAD002F30BE /* AttributeViewController.swift in Sources */ = {isa = PBXBuildFile; fileRef = 40A8924120754EAD002F30BE /* AttributeViewController.swift */; };
		40CC56762071AA6C0032493B /* AVPlayerViewController.swift in Sources */ = {isa = PBXBuildFile; fileRef = 40CC56752071AA6C0032493B /* AVPlayerViewController.swift */; };
		40D0028C206EEEAD00231EA4 /* PageViewController.swift in Sources */ = {isa = PBXBuildFile; fileRef = 40D0028B206EEEAD00231EA4 /* PageViewController.swift */; };
		40D0028E206EEEEB00231EA4 /* DomesticViewController.swift in Sources */ = {isa = PBXBuildFile; fileRef = 40D0028D206EEEEB00231EA4 /* DomesticViewController.swift */; };
		40D00290206EF0B500231EA4 /* page.storyboard in Resources */ = {isa = PBXBuildFile; fileRef = 40D0028F206EF0B500231EA4 /* page.storyboard */; };
		40D00292206EFD5700231EA4 /* SafariPageViewController.swift in Sources */ = {isa = PBXBuildFile; fileRef = 40D00291206EFD5700231EA4 /* SafariPageViewController.swift */; };
		40D00295206F1A1C00231EA4 /* PdfViewController.swift in Sources */ = {isa = PBXBuildFile; fileRef = 40D00294206F1A1C00231EA4 /* PdfViewController.swift */; };
		40D00297206F1A2E00231EA4 /* pdf.storyboard in Resources */ = {isa = PBXBuildFile; fileRef = 40D00296206F1A2E00231EA4 /* pdf.storyboard */; };
		40D07DC2206DB0E8001620F2 /* OperatorOverloading.swift in Sources */ = {isa = PBXBuildFile; fileRef = 40D07DC1206DB0E8001620F2 /* OperatorOverloading.swift */; };
		40D3A8DB2078D7B0002ED328 /* search.storyboard in Resources */ = {isa = PBXBuildFile; fileRef = 40D3A8DA2078D7B0002ED328 /* search.storyboard */; };
		40D3A8DD2078D829002ED328 /* SearchViewController.swift in Sources */ = {isa = PBXBuildFile; fileRef = 40D3A8DC2078D829002ED328 /* SearchViewController.swift */; };
		40D3A8DF2078F1BC002ED328 /* RefreshViewController.swift in Sources */ = {isa = PBXBuildFile; fileRef = 40D3A8DE2078F1BC002ED328 /* RefreshViewController.swift */; };
		40D3A902207AB1AF002ED328 /* BasicTableViewController.swift in Sources */ = {isa = PBXBuildFile; fileRef = 40D3A901207AB1AF002ED328 /* BasicTableViewController.swift */; };
		40DCDF4F205C545A0039520A /* test.storyboard in Resources */ = {isa = PBXBuildFile; fileRef = 40DCDF4E205C545A0039520A /* test.storyboard */; };
		40DCDF51205C549C0039520A /* TestViewController.swift in Sources */ = {isa = PBXBuildFile; fileRef = 40DCDF50205C549C0039520A /* TestViewController.swift */; };
/* End PBXBuildFile section */

/* Begin PBXContainerItemProxy section */
		400B84BF2056A2F900F56829 /* PBXContainerItemProxy */ = {
			isa = PBXContainerItemProxy;
			containerPortal = 400B849F2056A2F900F56829 /* Project object */;
			proxyType = 1;
			remoteGlobalIDString = 400B84A62056A2F900F56829;
			remoteInfo = CoreFeature;
		};
		400B84CA2056A2F900F56829 /* PBXContainerItemProxy */ = {
			isa = PBXContainerItemProxy;
			containerPortal = 400B849F2056A2F900F56829 /* Project object */;
			proxyType = 1;
			remoteGlobalIDString = 400B84A62056A2F900F56829;
			remoteInfo = CoreFeature;
		};
/* End PBXContainerItemProxy section */

/* Begin PBXFileReference section */
		1B304CCD2061C2F400D8DD4B /* tailtoddle_lo4.mp3 */ = {isa = PBXFileReference; lastKnownFileType = audio.mp3; path = tailtoddle_lo4.mp3; sourceTree = "<group>"; };
		1B304CCF2062966000D8DD4B /* PurpleRain.m4a */ = {isa = PBXFileReference; lastKnownFileType = file; path = PurpleRain.m4a; sourceTree = "<group>"; };
		1B304CD12063240200D8DD4B /* WebLoadViewController.swift */ = {isa = PBXFileReference; lastKnownFileType = sourcecode.swift; path = WebLoadViewController.swift; sourceTree = "<group>"; };
		1B9FD6CF205DB9CC00BD0923 /* JsonModel.swift */ = {isa = PBXFileReference; lastKnownFileType = sourcecode.swift; path = JsonModel.swift; sourceTree = "<group>"; };
		1B9FD6D1205DB9EC00BD0923 /* JsonTestViewController.swift */ = {isa = PBXFileReference; lastKnownFileType = sourcecode.swift; path = JsonTestViewController.swift; sourceTree = "<group>"; };
		1B9FD6D3205DBA1A00BD0923 /* Storyboard_json.storyboard */ = {isa = PBXFileReference; lastKnownFileType = file.storyboard; path = Storyboard_json.storyboard; sourceTree = "<group>"; };
		400B84A72056A2F900F56829 /* CoreFeature.app */ = {isa = PBXFileReference; explicitFileType = wrapper.application; includeInIndex = 0; path = CoreFeature.app; sourceTree = BUILT_PRODUCTS_DIR; };
		400B84AA2056A2F900F56829 /* AppDelegate.swift */ = {isa = PBXFileReference; lastKnownFileType = sourcecode.swift; path = AppDelegate.swift; sourceTree = "<group>"; };
		400B84AC2056A2F900F56829 /* ViewController.swift */ = {isa = PBXFileReference; lastKnownFileType = sourcecode.swift; path = ViewController.swift; sourceTree = "<group>"; };
		400B84AF2056A2F900F56829 /* Base */ = {isa = PBXFileReference; lastKnownFileType = file.storyboard; name = Base; path = Base.lproj/Main.storyboard; sourceTree = "<group>"; };
		400B84B22056A2F900F56829 /* CoreFeature.xcdatamodel */ = {isa = PBXFileReference; lastKnownFileType = wrapper.xcdatamodel; path = CoreFeature.xcdatamodel; sourceTree = "<group>"; };
		400B84B42056A2F900F56829 /* Assets.xcassets */ = {isa = PBXFileReference; lastKnownFileType = folder.assetcatalog; path = Assets.xcassets; sourceTree = "<group>"; };
		400B84B72056A2F900F56829 /* Base */ = {isa = PBXFileReference; lastKnownFileType = file.storyboard; name = Base; path = Base.lproj/LaunchScreen.storyboard; sourceTree = "<group>"; };
		400B84B92056A2F900F56829 /* Info.plist */ = {isa = PBXFileReference; lastKnownFileType = text.plist.xml; path = Info.plist; sourceTree = "<group>"; };
		400B84BE2056A2F900F56829 /* CoreFeatureTests.xctest */ = {isa = PBXFileReference; explicitFileType = wrapper.cfbundle; includeInIndex = 0; path = CoreFeatureTests.xctest; sourceTree = BUILT_PRODUCTS_DIR; };
		400B84C22056A2F900F56829 /* CoreFeatureTests.swift */ = {isa = PBXFileReference; lastKnownFileType = sourcecode.swift; path = CoreFeatureTests.swift; sourceTree = "<group>"; };
		400B84C42056A2F900F56829 /* Info.plist */ = {isa = PBXFileReference; lastKnownFileType = text.plist.xml; path = Info.plist; sourceTree = "<group>"; };
		400B84C92056A2F900F56829 /* CoreFeatureUITests.xctest */ = {isa = PBXFileReference; explicitFileType = wrapper.cfbundle; includeInIndex = 0; path = CoreFeatureUITests.xctest; sourceTree = BUILT_PRODUCTS_DIR; };
		400B84CD2056A2F900F56829 /* CoreFeatureUITests.swift */ = {isa = PBXFileReference; lastKnownFileType = sourcecode.swift; path = CoreFeatureUITests.swift; sourceTree = "<group>"; };
		400B84CF2056A2F900F56829 /* Info.plist */ = {isa = PBXFileReference; lastKnownFileType = text.plist.xml; path = Info.plist; sourceTree = "<group>"; };
		400B84DB2056A68900F56829 /* Feature.swift */ = {isa = PBXFileReference; lastKnownFileType = sourcecode.swift; path = Feature.swift; sourceTree = "<group>"; };
		400B84DE2058065300F56829 /* StoryboardMap.storyboard */ = {isa = PBXFileReference; lastKnownFileType = file.storyboard; path = StoryboardMap.storyboard; sourceTree = "<group>"; };
		400B84E02058067B00F56829 /* MapViewController.swift */ = {isa = PBXFileReference; lastKnownFileType = sourcecode.swift; path = MapViewController.swift; sourceTree = "<group>"; };
		400B84E220584E3E00F56829 /* PlaceMarkerModel.swift */ = {isa = PBXFileReference; lastKnownFileType = sourcecode.swift; path = PlaceMarkerModel.swift; sourceTree = "<group>"; };
		400B84E5205AC7F800F56829 /* ProgressView.swift */ = {isa = PBXFileReference; fileEncoding = 4; lastKnownFileType = sourcecode.swift; path = ProgressView.swift; sourceTree = "<group>"; };
		4017952A206C1E6600F43A99 /* AudioViewController.swift */ = {isa = PBXFileReference; lastKnownFileType = sourcecode.swift; path = AudioViewController.swift; sourceTree = "<group>"; };
		4017952C206C226900F43A99 /* audio.storyboard */ = {isa = PBXFileReference; lastKnownFileType = file.storyboard; path = audio.storyboard; sourceTree = "<group>"; };
		405937A42060375500221ED9 /* Storyboard_PH.storyboard */ = {isa = PBXFileReference; lastKnownFileType = file.storyboard; path = Storyboard_PH.storyboard; sourceTree = "<group>"; };
		405937A62060384400221ED9 /* AlbumsViewController.swift */ = {isa = PBXFileReference; lastKnownFileType = sourcecode.swift; path = AlbumsViewController.swift; sourceTree = "<group>"; };
		40A892362072BA39002F30BE /* Menu.swift */ = {isa = PBXFileReference; lastKnownFileType = sourcecode.swift; path = Menu.swift; sourceTree = "<group>"; };
		40A892382073B6B4002F30BE /* sample.csv */ = {isa = PBXFileReference; fileEncoding = 4; lastKnownFileType = text; path = sample.csv; sourceTree = "<group>"; };
		40A8923D2074F584002F30BE /* table.storyboard */ = {isa = PBXFileReference; lastKnownFileType = file.storyboard; path = table.storyboard; sourceTree = "<group>"; };
		40A8923F2074F5E7002F30BE /* TableViewController.swift */ = {isa = PBXFileReference; lastKnownFileType = sourcecode.swift; path = TableViewController.swift; sourceTree = "<group>"; };
		40A8924120754EAD002F30BE /* AttributeViewController.swift */ = {isa = PBXFileReference; lastKnownFileType = sourcecode.swift; path = AttributeViewController.swift; sourceTree = "<group>"; };
		40CC56752071AA6C0032493B /* AVPlayerViewController.swift */ = {isa = PBXFileReference; lastKnownFileType = sourcecode.swift; path = AVPlayerViewController.swift; sourceTree = "<group>"; };
		40D0028B206EEEAD00231EA4 /* PageViewController.swift */ = {isa = PBXFileReference; lastKnownFileType = sourcecode.swift; path = PageViewController.swift; sourceTree = "<group>"; };
		40D0028D206EEEEB00231EA4 /* DomesticViewController.swift */ = {isa = PBXFileReference; lastKnownFileType = sourcecode.swift; path = DomesticViewController.swift; sourceTree = "<group>"; };
		40D0028F206EF0B500231EA4 /* page.storyboard */ = {isa = PBXFileReference; lastKnownFileType = file.storyboard; path = page.storyboard; sourceTree = "<group>"; };
		40D00291206EFD5700231EA4 /* SafariPageViewController.swift */ = {isa = PBXFileReference; lastKnownFileType = sourcecode.swift; path = SafariPageViewController.swift; sourceTree = "<group>"; };
		40D00294206F1A1C00231EA4 /* PdfViewController.swift */ = {isa = PBXFileReference; lastKnownFileType = sourcecode.swift; path = PdfViewController.swift; sourceTree = "<group>"; };
		40D00296206F1A2E00231EA4 /* pdf.storyboard */ = {isa = PBXFileReference; lastKnownFileType = file.storyboard; path = pdf.storyboard; sourceTree = "<group>"; };
		40D07DC1206DB0E8001620F2 /* OperatorOverloading.swift */ = {isa = PBXFileReference; lastKnownFileType = sourcecode.swift; path = OperatorOverloading.swift; sourceTree = "<group>"; };
		40D3A8DA2078D7B0002ED328 /* search.storyboard */ = {isa = PBXFileReference; lastKnownFileType = file.storyboard; path = search.storyboard; sourceTree = "<group>"; };
		40D3A8DC2078D829002ED328 /* SearchViewController.swift */ = {isa = PBXFileReference; lastKnownFileType = sourcecode.swift; path = SearchViewController.swift; sourceTree = "<group>"; };
		40D3A8DE2078F1BC002ED328 /* RefreshViewController.swift */ = {isa = PBXFileReference; lastKnownFileType = sourcecode.swift; path = RefreshViewController.swift; sourceTree = "<group>"; };
		40D3A901207AB1AF002ED328 /* BasicTableViewController.swift */ = {isa = PBXFileReference; lastKnownFileType = sourcecode.swift; path = BasicTableViewController.swift; sourceTree = "<group>"; };
		40DCDF4E205C545A0039520A /* test.storyboard */ = {isa = PBXFileReference; lastKnownFileType = file.storyboard; path = test.storyboard; sourceTree = "<group>"; };
		40DCDF50205C549C0039520A /* TestViewController.swift */ = {isa = PBXFileReference; lastKnownFileType = sourcecode.swift; path = TestViewController.swift; sourceTree = "<group>"; };
/* End PBXFileReference section */

/* Begin PBXFrameworksBuildPhase section */
		400B84A42056A2F900F56829 /* Frameworks */ = {
			isa = PBXFrameworksBuildPhase;
			buildActionMask = 2147483647;
			files = (
			);
			runOnlyForDeploymentPostprocessing = 0;
		};
		400B84BB2056A2F900F56829 /* Frameworks */ = {
			isa = PBXFrameworksBuildPhase;
			buildActionMask = 2147483647;
			files = (
			);
			runOnlyForDeploymentPostprocessing = 0;
		};
		400B84C62056A2F900F56829 /* Frameworks */ = {
			isa = PBXFrameworksBuildPhase;
			buildActionMask = 2147483647;
			files = (
			);
			runOnlyForDeploymentPostprocessing = 0;
		};
/* End PBXFrameworksBuildPhase section */

/* Begin PBXGroup section */
		1B9FD6CE205DB9A300BD0923 /* JsonTest */ = {
			isa = PBXGroup;
			children = (
				1B9FD6CF205DB9CC00BD0923 /* JsonModel.swift */,
				1B9FD6D1205DB9EC00BD0923 /* JsonTestViewController.swift */,
				1B9FD6D3205DBA1A00BD0923 /* Storyboard_json.storyboard */,
				1B304CD12063240200D8DD4B /* WebLoadViewController.swift */,
				4017952A206C1E6600F43A99 /* AudioViewController.swift */,
				4017952C206C226900F43A99 /* audio.storyboard */,
				40D07DC1206DB0E8001620F2 /* OperatorOverloading.swift */,
				40CC56752071AA6C0032493B /* AVPlayerViewController.swift */,
				40A892362072BA39002F30BE /* Menu.swift */,
			);
			path = JsonTest;
			sourceTree = "<group>";
		};
		400B849E2056A2F900F56829 = {
			isa = PBXGroup;
			children = (
				40A8923A2074F50C002F30BE /* tableviewCell */,
				40CC56742071AA3E0032493B /* audioVideo */,
				400B84A92056A2F900F56829 /* CoreFeature */,
				400B84C12056A2F900F56829 /* CoreFeatureTests */,
				400B84CC2056A2F900F56829 /* CoreFeatureUITests */,
				400B84A82056A2F900F56829 /* Products */,
			);
			sourceTree = "<group>";
		};
		400B84A82056A2F900F56829 /* Products */ = {
			isa = PBXGroup;
			children = (
				400B84A72056A2F900F56829 /* CoreFeature.app */,
				400B84BE2056A2F900F56829 /* CoreFeatureTests.xctest */,
				400B84C92056A2F900F56829 /* CoreFeatureUITests.xctest */,
			);
			name = Products;
			sourceTree = "<group>";
		};
		400B84A92056A2F900F56829 /* CoreFeature */ = {
			isa = PBXGroup;
			children = (
				40A892382073B6B4002F30BE /* sample.csv */,
				1B304CCD2061C2F400D8DD4B /* tailtoddle_lo4.mp3 */,
				1B304CCF2062966000D8DD4B /* PurpleRain.m4a */,
				40D3A8D92078D77F002ED328 /* tableSearch */,
				40CC5667207067D40032493B /* firebase */,
				40D00293206F1A0700231EA4 /* webPdf */,
				40D0028A206EEE7C00231EA4 /* PageViewController */,
				1B9FD6CE205DB9A300BD0923 /* JsonTest */,
				405937A32060373000221ED9 /* PhotoFrame */,
				40DCDF4D205C543E0039520A /* tests */,
				400B84E4205AC7DC00F56829 /* Utils */,
				400B84DD2058060900F56829 /* MapFeatures */,
				400B84AA2056A2F900F56829 /* AppDelegate.swift */,
				400B84AC2056A2F900F56829 /* ViewController.swift */,
				400B84AE2056A2F900F56829 /* Main.storyboard */,
				400B84B42056A2F900F56829 /* Assets.xcassets */,
				400B84B62056A2F900F56829 /* LaunchScreen.storyboard */,
				400B84B92056A2F900F56829 /* Info.plist */,
				400B84B12056A2F900F56829 /* CoreFeature.xcdatamodeld */,
				400B84DB2056A68900F56829 /* Feature.swift */,
			);
			path = CoreFeature;
			sourceTree = "<group>";
		};
		400B84C12056A2F900F56829 /* CoreFeatureTests */ = {
			isa = PBXGroup;
			children = (
				400B84C22056A2F900F56829 /* CoreFeatureTests.swift */,
				400B84C42056A2F900F56829 /* Info.plist */,
			);
			path = CoreFeatureTests;
			sourceTree = "<group>";
		};
		400B84CC2056A2F900F56829 /* CoreFeatureUITests */ = {
			isa = PBXGroup;
			children = (
				400B84CD2056A2F900F56829 /* CoreFeatureUITests.swift */,
				400B84CF2056A2F900F56829 /* Info.plist */,
			);
			path = CoreFeatureUITests;
			sourceTree = "<group>";
		};
		400B84DD2058060900F56829 /* MapFeatures */ = {
			isa = PBXGroup;
			children = (
				400B84DE2058065300F56829 /* StoryboardMap.storyboard */,
				400B84E02058067B00F56829 /* MapViewController.swift */,
				400B84E220584E3E00F56829 /* PlaceMarkerModel.swift */,
			);
			path = MapFeatures;
			sourceTree = "<group>";
		};
		400B84E4205AC7DC00F56829 /* Utils */ = {
			isa = PBXGroup;
			children = (
				400B84E5205AC7F800F56829 /* ProgressView.swift */,
			);
			path = Utils;
			sourceTree = "<group>";
		};
		405937A32060373000221ED9 /* PhotoFrame */ = {
			isa = PBXGroup;
			children = (
				405937A42060375500221ED9 /* Storyboard_PH.storyboard */,
				405937A62060384400221ED9 /* AlbumsViewController.swift */,
			);
			path = PhotoFrame;
			sourceTree = "<group>";
		};
		40A8923A2074F50C002F30BE /* tableviewCell */ = {
			isa = PBXGroup;
			children = (
				40A8923D2074F584002F30BE /* table.storyboard */,
				40A8923F2074F5E7002F30BE /* TableViewController.swift */,
				40A8924120754EAD002F30BE /* AttributeViewController.swift */,
				40D3A901207AB1AF002ED328 /* BasicTableViewController.swift */,
			);
			path = tableviewCell;
			sourceTree = "<group>";
		};
		40CC5667207067D40032493B /* firebase */ = {
			isa = PBXGroup;
			children = (
			);
			path = firebase;
			sourceTree = "<group>";
		};
		40CC56742071AA3E0032493B /* audioVideo */ = {
			isa = PBXGroup;
			children = (
			);
			path = audioVideo;
			sourceTree = "<group>";
		};
		40D0028A206EEE7C00231EA4 /* PageViewController */ = {
			isa = PBXGroup;
			children = (
				40D0028B206EEEAD00231EA4 /* PageViewController.swift */,
				40D0028D206EEEEB00231EA4 /* DomesticViewController.swift */,
				40D0028F206EF0B500231EA4 /* page.storyboard */,
				40D00291206EFD5700231EA4 /* SafariPageViewController.swift */,
			);
			path = PageViewController;
			sourceTree = "<group>";
		};
		40D00293206F1A0700231EA4 /* webPdf */ = {
			isa = PBXGroup;
			children = (
				40D00294206F1A1C00231EA4 /* PdfViewController.swift */,
				40D00296206F1A2E00231EA4 /* pdf.storyboard */,
			);
			path = webPdf;
			sourceTree = "<group>";
		};
		40D3A8D92078D77F002ED328 /* tableSearch */ = {
			isa = PBXGroup;
			children = (
				40D3A8DA2078D7B0002ED328 /* search.storyboard */,
				40D3A8DC2078D829002ED328 /* SearchViewController.swift */,
				40D3A8DE2078F1BC002ED328 /* RefreshViewController.swift */,
			);
			path = tableSearch;
			sourceTree = "<group>";
		};
		40DCDF4D205C543E0039520A /* tests */ = {
			isa = PBXGroup;
			children = (
				40DCDF4E205C545A0039520A /* test.storyboard */,
				40DCDF50205C549C0039520A /* TestViewController.swift */,
			);
			path = tests;
			sourceTree = "<group>";
		};
/* End PBXGroup section */

/* Begin PBXNativeTarget section */
		400B84A62056A2F900F56829 /* CoreFeature */ = {
			isa = PBXNativeTarget;
			buildConfigurationList = 400B84D22056A2F900F56829 /* Build configuration list for PBXNativeTarget "CoreFeature" */;
			buildPhases = (
				400B84A32056A2F900F56829 /* Sources */,
				400B84A42056A2F900F56829 /* Frameworks */,
				400B84A52056A2F900F56829 /* Resources */,
			);
			buildRules = (
			);
			dependencies = (
			);
			name = CoreFeature;
			productName = CoreFeature;
			productReference = 400B84A72056A2F900F56829 /* CoreFeature.app */;
			productType = "com.apple.product-type.application";
		};
		400B84BD2056A2F900F56829 /* CoreFeatureTests */ = {
			isa = PBXNativeTarget;
			buildConfigurationList = 400B84D52056A2F900F56829 /* Build configuration list for PBXNativeTarget "CoreFeatureTests" */;
			buildPhases = (
				400B84BA2056A2F900F56829 /* Sources */,
				400B84BB2056A2F900F56829 /* Frameworks */,
				400B84BC2056A2F900F56829 /* Resources */,
			);
			buildRules = (
			);
			dependencies = (
				400B84C02056A2F900F56829 /* PBXTargetDependency */,
			);
			name = CoreFeatureTests;
			productName = CoreFeatureTests;
			productReference = 400B84BE2056A2F900F56829 /* CoreFeatureTests.xctest */;
			productType = "com.apple.product-type.bundle.unit-test";
		};
		400B84C82056A2F900F56829 /* CoreFeatureUITests */ = {
			isa = PBXNativeTarget;
			buildConfigurationList = 400B84D82056A2F900F56829 /* Build configuration list for PBXNativeTarget "CoreFeatureUITests" */;
			buildPhases = (
				400B84C52056A2F900F56829 /* Sources */,
				400B84C62056A2F900F56829 /* Frameworks */,
				400B84C72056A2F900F56829 /* Resources */,
			);
			buildRules = (
			);
			dependencies = (
				400B84CB2056A2F900F56829 /* PBXTargetDependency */,
			);
			name = CoreFeatureUITests;
			productName = CoreFeatureUITests;
			productReference = 400B84C92056A2F900F56829 /* CoreFeatureUITests.xctest */;
			productType = "com.apple.product-type.bundle.ui-testing";
		};
/* End PBXNativeTarget section */

/* Begin PBXProject section */
		400B849F2056A2F900F56829 /* Project object */ = {
			isa = PBXProject;
			attributes = {
				LastSwiftUpdateCheck = 0920;
				LastUpgradeCheck = 0920;
				ORGANIZATIONNAME = "Ashley Furniture";
				TargetAttributes = {
					400B84A62056A2F900F56829 = {
						CreatedOnToolsVersion = 9.2;
						ProvisioningStyle = Automatic;
					};
					400B84BD2056A2F900F56829 = {
						CreatedOnToolsVersion = 9.2;
						ProvisioningStyle = Automatic;
						TestTargetID = 400B84A62056A2F900F56829;
					};
					400B84C82056A2F900F56829 = {
						CreatedOnToolsVersion = 9.2;
						ProvisioningStyle = Automatic;
						TestTargetID = 400B84A62056A2F900F56829;
					};
				};
			};
			buildConfigurationList = 400B84A22056A2F900F56829 /* Build configuration list for PBXProject "CoreFeature" */;
			compatibilityVersion = "Xcode 8.0";
			developmentRegion = en;
			hasScannedForEncodings = 0;
			knownRegions = (
				en,
				Base,
			);
			mainGroup = 400B849E2056A2F900F56829;
			productRefGroup = 400B84A82056A2F900F56829 /* Products */;
			projectDirPath = "";
			projectRoot = "";
			targets = (
				400B84A62056A2F900F56829 /* CoreFeature */,
				400B84BD2056A2F900F56829 /* CoreFeatureTests */,
				400B84C82056A2F900F56829 /* CoreFeatureUITests */,
			);
		};
/* End PBXProject section */

/* Begin PBXResourcesBuildPhase section */
		400B84A52056A2F900F56829 /* Resources */ = {
			isa = PBXResourcesBuildPhase;
			buildActionMask = 2147483647;
			files = (
				1B304CD0206296B600D8DD4B /* PurpleRain.m4a in Resources */,
				40DCDF4F205C545A0039520A /* test.storyboard in Resources */,
				40D00290206EF0B500231EA4 /* page.storyboard in Resources */,
				405937A52060375500221ED9 /* Storyboard_PH.storyboard in Resources */,
				400B84B82056A2F900F56829 /* LaunchScreen.storyboard in Resources */,
				400B84B52056A2F900F56829 /* Assets.xcassets in Resources */,
				40A892392073B6B4002F30BE /* sample.csv in Resources */,
				1B304CCE2061C2F400D8DD4B /* tailtoddle_lo4.mp3 in Resources */,
				400B84DF2058065300F56829 /* StoryboardMap.storyboard in Resources */,
				4017952D206C226900F43A99 /* audio.storyboard in Resources */,
				400B84B02056A2F900F56829 /* Main.storyboard in Resources */,
				1B9FD6D4205DBA1A00BD0923 /* Storyboard_json.storyboard in Resources */,
				40D00297206F1A2E00231EA4 /* pdf.storyboard in Resources */,
				40A8923E2074F584002F30BE /* table.storyboard in Resources */,
				40D3A8DB2078D7B0002ED328 /* search.storyboard in Resources */,
			);
			runOnlyForDeploymentPostprocessing = 0;
		};
		400B84BC2056A2F900F56829 /* Resources */ = {
			isa = PBXResourcesBuildPhase;
			buildActionMask = 2147483647;
			files = (
			);
			runOnlyForDeploymentPostprocessing = 0;
		};
		400B84C72056A2F900F56829 /* Resources */ = {
			isa = PBXResourcesBuildPhase;
			buildActionMask = 2147483647;
			files = (
			);
			runOnlyForDeploymentPostprocessing = 0;
		};
/* End PBXResourcesBuildPhase section */

/* Begin PBXSourcesBuildPhase section */
		400B84A32056A2F900F56829 /* Sources */ = {
			isa = PBXSourcesBuildPhase;
			buildActionMask = 2147483647;
			files = (
				40D00292206EFD5700231EA4 /* SafariPageViewController.swift in Sources */,
				40A892402074F5E7002F30BE /* TableViewController.swift in Sources */,
				1B9FD6D2205DB9EC00BD0923 /* JsonTestViewController.swift in Sources */,
				40A8924220754EAD002F30BE /* AttributeViewController.swift in Sources */,
				40D3A8DF2078F1BC002ED328 /* RefreshViewController.swift in Sources */,
				400B84DC2056A68900F56829 /* Feature.swift in Sources */,
				40D07DC2206DB0E8001620F2 /* OperatorOverloading.swift in Sources */,
				400B84E320584E3E00F56829 /* PlaceMarkerModel.swift in Sources */,
				1B304CD22063240200D8DD4B /* WebLoadViewController.swift in Sources */,
				405937A72060384400221ED9 /* AlbumsViewController.swift in Sources */,
				40D0028C206EEEAD00231EA4 /* PageViewController.swift in Sources */,
				40DCDF51205C549C0039520A /* TestViewController.swift in Sources */,
				400B84B32056A2F900F56829 /* CoreFeature.xcdatamodeld in Sources */,
				400B84AD2056A2F900F56829 /* ViewController.swift in Sources */,
				40D3A902207AB1AF002ED328 /* BasicTableViewController.swift in Sources */,
				40D3A8DD2078D829002ED328 /* SearchViewController.swift in Sources */,
				400B84E6205AC7F800F56829 /* ProgressView.swift in Sources */,
				400B84E12058067B00F56829 /* MapViewController.swift in Sources */,
				1B9FD6D0205DB9CC00BD0923 /* JsonModel.swift in Sources */,
				40A892372072BA39002F30BE /* Menu.swift in Sources */,
				400B84AB2056A2F900F56829 /* AppDelegate.swift in Sources */,
				40D0028E206EEEEB00231EA4 /* DomesticViewController.swift in Sources */,
				4017952B206C1E6600F43A99 /* AudioViewController.swift in Sources */,
				40CC56762071AA6C0032493B /* AVPlayerViewController.swift in Sources */,
				40D00295206F1A1C00231EA4 /* PdfViewController.swift in Sources */,
			);
			runOnlyForDeploymentPostprocessing = 0;
		};
		400B84BA2056A2F900F56829 /* Sources */ = {
			isa = PBXSourcesBuildPhase;
			buildActionMask = 2147483647;
			files = (
				400B84C32056A2F900F56829 /* CoreFeatureTests.swift in Sources */,
			);
			runOnlyForDeploymentPostprocessing = 0;
		};
		400B84C52056A2F900F56829 /* Sources */ = {
			isa = PBXSourcesBuildPhase;
			buildActionMask = 2147483647;
			files = (
				400B84CE2056A2F900F56829 /* CoreFeatureUITests.swift in Sources */,
			);
			runOnlyForDeploymentPostprocessing = 0;
		};
/* End PBXSourcesBuildPhase section */

/* Begin PBXTargetDependency section */
		400B84C02056A2F900F56829 /* PBXTargetDependency */ = {
			isa = PBXTargetDependency;
			target = 400B84A62056A2F900F56829 /* CoreFeature */;
			targetProxy = 400B84BF2056A2F900F56829 /* PBXContainerItemProxy */;
		};
		400B84CB2056A2F900F56829 /* PBXTargetDependency */ = {
			isa = PBXTargetDependency;
			target = 400B84A62056A2F900F56829 /* CoreFeature */;
			targetProxy = 400B84CA2056A2F900F56829 /* PBXContainerItemProxy */;
		};
/* End PBXTargetDependency section */

/* Begin PBXVariantGroup section */
		400B84AE2056A2F900F56829 /* Main.storyboard */ = {
			isa = PBXVariantGroup;
			children = (
				400B84AF2056A2F900F56829 /* Base */,
			);
			name = Main.storyboard;
			sourceTree = "<group>";
		};
		400B84B62056A2F900F56829 /* LaunchScreen.storyboard */ = {
			isa = PBXVariantGroup;
			children = (
				400B84B72056A2F900F56829 /* Base */,
			);
			name = LaunchScreen.storyboard;
			sourceTree = "<group>";
		};
/* End PBXVariantGroup section */

/* Begin XCBuildConfiguration section */
		400B84D02056A2F900F56829 /* Debug */ = {
			isa = XCBuildConfiguration;
			buildSettings = {
				ALWAYS_SEARCH_USER_PATHS = NO;
				CLANG_ANALYZER_NONNULL = YES;
				CLANG_ANALYZER_NUMBER_OBJECT_CONVERSION = YES_AGGRESSIVE;
				CLANG_CXX_LANGUAGE_STANDARD = "gnu++14";
				CLANG_CXX_LIBRARY = "libc++";
				CLANG_ENABLE_MODULES = YES;
				CLANG_ENABLE_OBJC_ARC = YES;
				CLANG_WARN_BLOCK_CAPTURE_AUTORELEASING = YES;
				CLANG_WARN_BOOL_CONVERSION = YES;
				CLANG_WARN_COMMA = YES;
				CLANG_WARN_CONSTANT_CONVERSION = YES;
				CLANG_WARN_DIRECT_OBJC_ISA_USAGE = YES_ERROR;
				CLANG_WARN_DOCUMENTATION_COMMENTS = YES;
				CLANG_WARN_EMPTY_BODY = YES;
				CLANG_WARN_ENUM_CONVERSION = YES;
				CLANG_WARN_INFINITE_RECURSION = YES;
				CLANG_WARN_INT_CONVERSION = YES;
				CLANG_WARN_NON_LITERAL_NULL_CONVERSION = YES;
				CLANG_WARN_OBJC_LITERAL_CONVERSION = YES;
				CLANG_WARN_OBJC_ROOT_CLASS = YES_ERROR;
				CLANG_WARN_RANGE_LOOP_ANALYSIS = YES;
				CLANG_WARN_STRICT_PROTOTYPES = YES;
				CLANG_WARN_SUSPICIOUS_MOVE = YES;
				CLANG_WARN_UNGUARDED_AVAILABILITY = YES_AGGRESSIVE;
				CLANG_WARN_UNREACHABLE_CODE = YES;
				CLANG_WARN__DUPLICATE_METHOD_MATCH = YES;
				CODE_SIGN_IDENTITY = "iPhone Developer";
				COPY_PHASE_STRIP = NO;
				DEBUG_INFORMATION_FORMAT = dwarf;
				ENABLE_STRICT_OBJC_MSGSEND = YES;
				ENABLE_TESTABILITY = YES;
				GCC_C_LANGUAGE_STANDARD = gnu11;
				GCC_DYNAMIC_NO_PIC = NO;
				GCC_NO_COMMON_BLOCKS = YES;
				GCC_OPTIMIZATION_LEVEL = 0;
				GCC_PREPROCESSOR_DEFINITIONS = (
					"DEBUG=1",
					"$(inherited)",
				);
				GCC_WARN_64_TO_32_BIT_CONVERSION = YES;
				GCC_WARN_ABOUT_RETURN_TYPE = YES_ERROR;
				GCC_WARN_UNDECLARED_SELECTOR = YES;
				GCC_WARN_UNINITIALIZED_AUTOS = YES_AGGRESSIVE;
				GCC_WARN_UNUSED_FUNCTION = YES;
				GCC_WARN_UNUSED_VARIABLE = YES;
				IPHONEOS_DEPLOYMENT_TARGET = 11.2;
				MTL_ENABLE_DEBUG_INFO = YES;
				ONLY_ACTIVE_ARCH = YES;
				SDKROOT = iphoneos;
				SWIFT_ACTIVE_COMPILATION_CONDITIONS = DEBUG;
				SWIFT_OPTIMIZATION_LEVEL = "-Onone";
			};
			name = Debug;
		};
		400B84D12056A2F900F56829 /* Release */ = {
			isa = XCBuildConfiguration;
			buildSettings = {
				ALWAYS_SEARCH_USER_PATHS = NO;
				CLANG_ANALYZER_NONNULL = YES;
				CLANG_ANALYZER_NUMBER_OBJECT_CONVERSION = YES_AGGRESSIVE;
				CLANG_CXX_LANGUAGE_STANDARD = "gnu++14";
				CLANG_CXX_LIBRARY = "libc++";
				CLANG_ENABLE_MODULES = YES;
				CLANG_ENABLE_OBJC_ARC = YES;
				CLANG_WARN_BLOCK_CAPTURE_AUTORELEASING = YES;
				CLANG_WARN_BOOL_CONVERSION = YES;
				CLANG_WARN_COMMA = YES;
				CLANG_WARN_CONSTANT_CONVERSION = YES;
				CLANG_WARN_DIRECT_OBJC_ISA_USAGE = YES_ERROR;
				CLANG_WARN_DOCUMENTATION_COMMENTS = YES;
				CLANG_WARN_EMPTY_BODY = YES;
				CLANG_WARN_ENUM_CONVERSION = YES;
				CLANG_WARN_INFINITE_RECURSION = YES;
				CLANG_WARN_INT_CONVERSION = YES;
				CLANG_WARN_NON_LITERAL_NULL_CONVERSION = YES;
				CLANG_WARN_OBJC_LITERAL_CONVERSION = YES;
				CLANG_WARN_OBJC_ROOT_CLASS = YES_ERROR;
				CLANG_WARN_RANGE_LOOP_ANALYSIS = YES;
				CLANG_WARN_STRICT_PROTOTYPES = YES;
				CLANG_WARN_SUSPICIOUS_MOVE = YES;
				CLANG_WARN_UNGUARDED_AVAILABILITY = YES_AGGRESSIVE;
				CLANG_WARN_UNREACHABLE_CODE = YES;
				CLANG_WARN__DUPLICATE_METHOD_MATCH = YES;
				CODE_SIGN_IDENTITY = "iPhone Developer";
				COPY_PHASE_STRIP = NO;
				DEBUG_INFORMATION_FORMAT = "dwarf-with-dsym";
				ENABLE_NS_ASSERTIONS = NO;
				ENABLE_STRICT_OBJC_MSGSEND = YES;
				GCC_C_LANGUAGE_STANDARD = gnu11;
				GCC_NO_COMMON_BLOCKS = YES;
				GCC_WARN_64_TO_32_BIT_CONVERSION = YES;
				GCC_WARN_ABOUT_RETURN_TYPE = YES_ERROR;
				GCC_WARN_UNDECLARED_SELECTOR = YES;
				GCC_WARN_UNINITIALIZED_AUTOS = YES_AGGRESSIVE;
				GCC_WARN_UNUSED_FUNCTION = YES;
				GCC_WARN_UNUSED_VARIABLE = YES;
				IPHONEOS_DEPLOYMENT_TARGET = 11.2;
				MTL_ENABLE_DEBUG_INFO = NO;
				SDKROOT = iphoneos;
				SWIFT_OPTIMIZATION_LEVEL = "-Owholemodule";
				VALIDATE_PRODUCT = YES;
			};
			name = Release;
		};
		400B84D32056A2F900F56829 /* Debug */ = {
			isa = XCBuildConfiguration;
			buildSettings = {
				ASSETCATALOG_COMPILER_APPICON_NAME = AppIcon;
				CODE_SIGN_STYLE = Automatic;
				DEVELOPMENT_TEAM = 8J278KQN87;
				INFOPLIST_FILE = CoreFeature/Info.plist;
				IPHONEOS_DEPLOYMENT_TARGET = 11.2;
				LD_RUNPATH_SEARCH_PATHS = "$(inherited) @executable_path/Frameworks";
				PRODUCT_BUNDLE_IDENTIFIER = com.AshleyFurnitures.unit.CoreFeature;
				PRODUCT_NAME = "$(TARGET_NAME)";
				SWIFT_VERSION = 4.0;
				TARGETED_DEVICE_FAMILY = "1,2";
			};
			name = Debug;
		};
		400B84D42056A2F900F56829 /* Release */ = {
			isa = XCBuildConfiguration;
			buildSettings = {
				ASSETCATALOG_COMPILER_APPICON_NAME = AppIcon;
				CODE_SIGN_STYLE = Automatic;
				DEVELOPMENT_TEAM = 8J278KQN87;
				INFOPLIST_FILE = CoreFeature/Info.plist;
				IPHONEOS_DEPLOYMENT_TARGET = 11.2;
				LD_RUNPATH_SEARCH_PATHS = "$(inherited) @executable_path/Frameworks";
				PRODUCT_BUNDLE_IDENTIFIER = com.AshleyFurnitures.unit.CoreFeature;
				PRODUCT_NAME = "$(TARGET_NAME)";
				SWIFT_VERSION = 4.0;
				TARGETED_DEVICE_FAMILY = "1,2";
			};
			name = Release;
		};
		400B84D62056A2F900F56829 /* Debug */ = {
			isa = XCBuildConfiguration;
			buildSettings = {
				ALWAYS_EMBED_SWIFT_STANDARD_LIBRARIES = YES;
				BUNDLE_LOADER = "$(TEST_HOST)";
				CODE_SIGN_STYLE = Automatic;
				DEVELOPMENT_TEAM = 8J278KQN87;
				INFOPLIST_FILE = CoreFeatureTests/Info.plist;
				LD_RUNPATH_SEARCH_PATHS = "$(inherited) @executable_path/Frameworks @loader_path/Frameworks";
				PRODUCT_BUNDLE_IDENTIFIER = com.AshleyFurnitures.unit.CoreFeatureTests;
				PRODUCT_NAME = "$(TARGET_NAME)";
				SWIFT_VERSION = 4.0;
				TARGETED_DEVICE_FAMILY = "1,2";
				TEST_HOST = "$(BUILT_PRODUCTS_DIR)/CoreFeature.app/CoreFeature";
			};
			name = Debug;
		};
		400B84D72056A2F900F56829 /* Release */ = {
			isa = XCBuildConfiguration;
			buildSettings = {
				ALWAYS_EMBED_SWIFT_STANDARD_LIBRARIES = YES;
				BUNDLE_LOADER = "$(TEST_HOST)";
				CODE_SIGN_STYLE = Automatic;
				DEVELOPMENT_TEAM = 8J278KQN87;
				INFOPLIST_FILE = CoreFeatureTests/Info.plist;
				LD_RUNPATH_SEARCH_PATHS = "$(inherited) @executable_path/Frameworks @loader_path/Frameworks";
				PRODUCT_BUNDLE_IDENTIFIER = com.AshleyFurnitures.unit.CoreFeatureTests;
				PRODUCT_NAME = "$(TARGET_NAME)";
				SWIFT_VERSION = 4.0;
				TARGETED_DEVICE_FAMILY = "1,2";
				TEST_HOST = "$(BUILT_PRODUCTS_DIR)/CoreFeature.app/CoreFeature";
			};
			name = Release;
		};
		400B84D92056A2F900F56829 /* Debug */ = {
			isa = XCBuildConfiguration;
			buildSettings = {
				ALWAYS_EMBED_SWIFT_STANDARD_LIBRARIES = YES;
				CODE_SIGN_STYLE = Automatic;
				DEVELOPMENT_TEAM = 8J278KQN87;
				INFOPLIST_FILE = CoreFeatureUITests/Info.plist;
				LD_RUNPATH_SEARCH_PATHS = "$(inherited) @executable_path/Frameworks @loader_path/Frameworks";
				PRODUCT_BUNDLE_IDENTIFIER = com.AshleyFurnitures.unit.CoreFeatureUITests;
				PRODUCT_NAME = "$(TARGET_NAME)";
				SWIFT_VERSION = 4.0;
				TARGETED_DEVICE_FAMILY = "1,2";
				TEST_TARGET_NAME = CoreFeature;
			};
			name = Debug;
		};
		400B84DA2056A2F900F56829 /* Release */ = {
			isa = XCBuildConfiguration;
			buildSettings = {
				ALWAYS_EMBED_SWIFT_STANDARD_LIBRARIES = YES;
				CODE_SIGN_STYLE = Automatic;
				DEVELOPMENT_TEAM = 8J278KQN87;
				INFOPLIST_FILE = CoreFeatureUITests/Info.plist;
				LD_RUNPATH_SEARCH_PATHS = "$(inherited) @executable_path/Frameworks @loader_path/Frameworks";
				PRODUCT_BUNDLE_IDENTIFIER = com.AshleyFurnitures.unit.CoreFeatureUITests;
				PRODUCT_NAME = "$(TARGET_NAME)";
				SWIFT_VERSION = 4.0;
				TARGETED_DEVICE_FAMILY = "1,2";
				TEST_TARGET_NAME = CoreFeature;
			};
			name = Release;
		};
/* End XCBuildConfiguration section */

/* Begin XCConfigurationList section */
		400B84A22056A2F900F56829 /* Build configuration list for PBXProject "CoreFeature" */ = {
			isa = XCConfigurationList;
			buildConfigurations = (
				400B84D02056A2F900F56829 /* Debug */,
				400B84D12056A2F900F56829 /* Release */,
			);
			defaultConfigurationIsVisible = 0;
			defaultConfigurationName = Release;
		};
		400B84D22056A2F900F56829 /* Build configuration list for PBXNativeTarget "CoreFeature" */ = {
			isa = XCConfigurationList;
			buildConfigurations = (
				400B84D32056A2F900F56829 /* Debug */,
				400B84D42056A2F900F56829 /* Release */,
			);
			defaultConfigurationIsVisible = 0;
			defaultConfigurationName = Release;
		};
		400B84D52056A2F900F56829 /* Build configuration list for PBXNativeTarget "CoreFeatureTests" */ = {
			isa = XCConfigurationList;
			buildConfigurations = (
				400B84D62056A2F900F56829 /* Debug */,
				400B84D72056A2F900F56829 /* Release */,
			);
			defaultConfigurationIsVisible = 0;
			defaultConfigurationName = Release;
		};
		400B84D82056A2F900F56829 /* Build configuration list for PBXNativeTarget "CoreFeatureUITests" */ = {
			isa = XCConfigurationList;
			buildConfigurations = (
				400B84D92056A2F900F56829 /* Debug */,
				400B84DA2056A2F900F56829 /* Release */,
			);
			defaultConfigurationIsVisible = 0;
			defaultConfigurationName = Release;
		};
/* End XCConfigurationList section */

/* Begin XCVersionGroup section */
		400B84B12056A2F900F56829 /* CoreFeature.xcdatamodeld */ = {
			isa = XCVersionGroup;
			children = (
				400B84B22056A2F900F56829 /* CoreFeature.xcdatamodel */,
			);
			currentVersion = 400B84B22056A2F900F56829 /* CoreFeature.xcdatamodel */;
			path = CoreFeature.xcdatamodeld;
			sourceTree = "<group>";
			versionGroupType = wrapper.xcdatamodel;
		};
/* End XCVersionGroup section */
	};
	rootObject = 400B849F2056A2F900F56829 /* Project object */;
}
